
Microsoft Visual Studio Solution File, Format Version 12.00
# Visual Studio Version 17
VisualStudioVersion = 17.7.34031.279
MinimumVisualStudioVersion = 10.0.40219.1
Project("{FAE04EC0-301F-11D3-BF4B-00C04F79EFBC}") = "Yeniden Chum Bucket", "Yeniden Chum Bucket.csproj", "{2D7201D7-DBB6-4862-8AC7-2B5343CC4638}"
EndProject
Global
	GlobalSection(SolutionConfigurationPlatforms) = preSolution
		Debug|Any CPU = Debug|Any CPU
		Release|Any CPU = Release|Any CPU
	EndGlobalSection
	GlobalSection(ProjectConfigurationPlatforms) = postSolution
		{2D7201D7-DBB6-4862-8AC7-2B5343CC4638}.Debug|Any CPU.ActiveCfg = Debug|Any CPU
		{2D7201D7-DBB6-4862-8AC7-2B5343CC4638}.Debug|Any CPU.Build.0 = Debug|Any CPU
		{2D7201D7-DBB6-4862-8AC7-2B5343CC4638}.Release|Any CPU.ActiveCfg = Release|Any CPU
		{2D7201D7-DBB6-4862-8AC7-2B5343CC4638}.Release|Any CPU.Build.0 = Release|Any CPU
	EndGlobalSection
	GlobalSection(SolutionProperties) = preSolution
		HideSolutionNode = FALSE
	EndGlobalSection
	GlobalSection(ExtensibilityGlobals) = postSolution
		SolutionGuid = {41E9A6C1-D790-42D1-A696-4E8262D12D49}
	EndGlobalSection
EndGlobal
